
Microsoft Visual Studio Solution File, Format Version 11.00
# Visual Studio 2010
Project("{FAE04EC0-301F-11D3-BF4B-00C04F79EFBC}") = "Assembly-CSharp", "Assembly-CSharp.csproj", "{A436857F-17AB-7573-2152-2A26DB86CCB0}"
EndProject
Project("{FAE04EC0-301F-11D3-BF4B-00C04F79EFBC}") = "Assembly-CSharp-firstpass", "Assembly-CSharp-firstpass.csproj", "{8C52BDB7-1124-DA8A-C8CF-EE735B171560}"
EndProject
Global
	GlobalSection(SolutionConfigurationPlatforms) = preSolution
		Debug|Any CPU = Debug|Any CPU
		Release|Any CPU = Release|Any CPU
	EndGlobalSection
	GlobalSection(ProjectConfigurationPlatforms) = postSolution
		{A436857F-17AB-7573-2152-2A26DB86CCB0}.Debug|Any CPU.ActiveCfg = Debug|Any CPU
		{A436857F-17AB-7573-2152-2A26DB86CCB0}.Debug|Any CPU.Build.0 = Debug|Any CPU
		{A436857F-17AB-7573-2152-2A26DB86CCB0}.Release|Any CPU.ActiveCfg = Release|Any CPU
		{A436857F-17AB-7573-2152-2A26DB86CCB0}.Release|Any CPU.Build.0 = Release|Any CPU
		{8C52BDB7-1124-DA8A-C8CF-EE735B171560}.Debug|Any CPU.ActiveCfg = Debug|Any CPU
		{8C52BDB7-1124-DA8A-C8CF-EE735B171560}.Debug|Any CPU.Build.0 = Debug|Any CPU
		{8C52BDB7-1124-DA8A-C8CF-EE735B171560}.Release|Any CPU.ActiveCfg = Release|Any CPU
		{8C52BDB7-1124-DA8A-C8CF-EE735B171560}.Release|Any CPU.Build.0 = Release|Any CPU
	EndGlobalSection
	GlobalSection(SolutionProperties) = preSolution
		HideSolutionNode = FALSE
	EndGlobalSection
EndGlobal
